
Microsoft Visual Studio Solution File, Format Version 12.00
# Visual Studio 15
VisualStudioVersion = 15.0.28307.168
MinimumVisualStudioVersion = 10.0.40219.1
Project("{9A19103F-16F7-4668-BE54-9A1E7A4F7556}") = "part1", "part1.csproj", "{44869971-56F3-4274-BC40-6B5C3B0C314F}"
EndProject
Global
	GlobalSection(SolutionConfigurationPlatforms) = preSolution
		Debug|Any CPU = Debug|Any CPU
		Release|Any CPU = Release|Any CPU
	EndGlobalSection
	GlobalSection(ProjectConfigurationPlatforms) = postSolution
		{44869971-56F3-4274-BC40-6B5C3B0C314F}.Debug|Any CPU.ActiveCfg = Debug|Any CPU
		{44869971-56F3-4274-BC40-6B5C3B0C314F}.Debug|Any CPU.Build.0 = Debug|Any CPU
		{44869971-56F3-4274-BC40-6B5C3B0C314F}.Release|Any CPU.ActiveCfg = Release|Any CPU
		{44869971-56F3-4274-BC40-6B5C3B0C314F}.Release|Any CPU.Build.0 = Release|Any CPU
	EndGlobalSection
	GlobalSection(SolutionProperties) = preSolution
		HideSolutionNode = FALSE
	EndGlobalSection
	GlobalSection(ExtensibilityGlobals) = postSolution
		SolutionGuid = {DD64FF08-6DC6-4870-A0DC-9C2140982E2E}
	EndGlobalSection
EndGlobal
