
Microsoft Visual Studio Solution File, Format Version 12.00
# Visual Studio 15
VisualStudioVersion = 15.0.28307.168
MinimumVisualStudioVersion = 10.0.40219.1
Project("{9A19103F-16F7-4668-BE54-9A1E7A4F7556}") = "part1", "part1.csproj", "{B0B24675-F33F-4B9F-B624-5620A768F2C5}"
EndProject
Global
	GlobalSection(SolutionConfigurationPlatforms) = preSolution
		Debug|Any CPU = Debug|Any CPU
		Release|Any CPU = Release|Any CPU
	EndGlobalSection
	GlobalSection(ProjectConfigurationPlatforms) = postSolution
		{B0B24675-F33F-4B9F-B624-5620A768F2C5}.Debug|Any CPU.ActiveCfg = Debug|Any CPU
		{B0B24675-F33F-4B9F-B624-5620A768F2C5}.Debug|Any CPU.Build.0 = Debug|Any CPU
		{B0B24675-F33F-4B9F-B624-5620A768F2C5}.Release|Any CPU.ActiveCfg = Release|Any CPU
		{B0B24675-F33F-4B9F-B624-5620A768F2C5}.Release|Any CPU.Build.0 = Release|Any CPU
	EndGlobalSection
	GlobalSection(SolutionProperties) = preSolution
		HideSolutionNode = FALSE
	EndGlobalSection
	GlobalSection(ExtensibilityGlobals) = postSolution
		SolutionGuid = {1DED22E2-65D5-457C-A1ED-BBE6D048B069}
	EndGlobalSection
EndGlobal
